# This file is automatically @generated by Cargo.
# It is not intended for manual editing.
version = 4

[[package]]
name = "adapters_system_integration_common"
version = "0.1.0"
dependencies = [
 "entities_data_handling",
 "entities_system_integration_common",
]

[[package]]
name = "entities_data_handling"
version = "0.1.0"

[[package]]
name = "entities_system_integration_common"
version = "0.1.0"

[[package]]
name = "frameworks_system_integration"
version = "0.1.0"
dependencies = [
 "entities_data_handling",
 "frameworks_system_integration_common",
]

[[package]]
name = "frameworks_system_integration_common"
version = "0.1.0"
dependencies = [
 "adapters_system_integration_common",
 "entities_data_handling",
 "entities_system_integration_common",
]
