# This file is automatically @generated by Cargo.
# It is not intended for manual editing.
version = 4

[[package]]
name = "adapters_drivers"
version = "0.1.0"
dependencies = [
 "entities_data_handling",
 "usecases_io_operations",
]

[[package]]
name = "adapters_io_operations"
version = "0.1.0"
dependencies = [
 "entities_data_handling",
 "entities_io_operations",
 "usecases_io_operations",
]

[[package]]
name = "adapters_nifs"
version = "0.1.0"
dependencies = [
 "entities_data_handling",
 "usecases_bifs",
]

[[package]]
name = "api_facades"
version = "0.1.0"
dependencies = [
 "adapters_drivers",
 "adapters_io_operations",
 "adapters_nifs",
 "code_management_code_loading",
 "entities_data_handling",
 "entities_io_operations",
 "entities_utilities",
 "infrastructure_utilities",
 "usecases_bifs",
 "usecases_io_operations",
 "usecases_memory_management",
 "usecases_process_management",
]

[[package]]
name = "code_management_code_loading"
version = "0.1.0"
dependencies = [
 "entities_data_handling",
 "entities_io_operations",
 "infrastructure_code_loading",
 "usecases_bifs",
]

[[package]]
name = "entities_data_handling"
version = "0.1.0"

[[package]]
name = "entities_io_operations"
version = "0.1.0"

[[package]]
name = "entities_utilities"
version = "0.1.0"

[[package]]
name = "infrastructure_code_loading"
version = "0.1.0"
dependencies = [
 "entities_data_handling",
 "entities_io_operations",
]

[[package]]
name = "infrastructure_utilities"
version = "0.1.0"
dependencies = [
 "entities_data_handling",
 "entities_utilities",
 "usecases_memory_management",
]

[[package]]
name = "usecases_bifs"
version = "0.1.0"
dependencies = [
 "entities_data_handling",
 "entities_utilities",
]

[[package]]
name = "usecases_io_operations"
version = "0.1.0"
dependencies = [
 "entities_data_handling",
 "entities_io_operations",
]

[[package]]
name = "usecases_memory_management"
version = "0.1.0"
dependencies = [
 "entities_data_handling",
]

[[package]]
name = "usecases_process_management"
version = "0.1.0"
dependencies = [
 "entities_data_handling",
]
