# This file is automatically @generated by Cargo.
# It is not intended for manual editing.
version = 4

[[package]]
name = "entities_data_handling"
version = "0.1.0"

[[package]]
name = "entities_utilities"
version = "0.1.0"

[[package]]
name = "frameworks_utilities"
version = "0.1.0"
dependencies = [
 "entities_data_handling",
 "infrastructure_utilities",
]

[[package]]
name = "infrastructure_utilities"
version = "0.1.0"
dependencies = [
 "entities_data_handling",
 "entities_utilities",
 "usecases_memory_management",
]

[[package]]
name = "usecases_memory_management"
version = "0.1.0"
dependencies = [
 "entities_data_handling",
]
