# This file is automatically @generated by Cargo.
# It is not intended for manual editing.
version = 4

[[package]]
name = "adapters_debugging"
version = "0.1.0"
dependencies = [
 "entities_data_handling",
 "usecases_bifs",
]

[[package]]
name = "adapters_distribution"
version = "0.1.0"
dependencies = [
 "entities_data_handling",
 "entities_io_operations",
]

[[package]]
name = "adapters_drivers"
version = "0.1.0"
dependencies = [
 "entities_data_handling",
 "usecases_io_operations",
]

[[package]]
name = "adapters_ets_tables"
version = "0.1.0"
dependencies = [
 "entities_data_handling",
]

[[package]]
name = "adapters_io_operations"
version = "0.1.0"
dependencies = [
 "entities_data_handling",
 "entities_io_operations",
 "usecases_io_operations",
]

[[package]]
name = "adapters_nifs"
version = "0.1.0"
dependencies = [
 "entities_data_handling",
 "usecases_bifs",
]

[[package]]
name = "adapters_system_integration_common"
version = "0.1.0"
dependencies = [
 "entities_data_handling",
 "entities_system_integration_common",
]

[[package]]
name = "adapters_system_integration_unix"
version = "0.1.0"
dependencies = [
 "entities_data_handling",
 "entities_system_integration_common",
]

[[package]]
name = "adapters_time_management"
version = "0.1.0"
dependencies = [
 "entities_data_handling",
]

[[package]]
name = "api_facades"
version = "0.1.0"
dependencies = [
 "adapters_drivers",
 "adapters_io_operations",
 "adapters_nifs",
 "code_management_code_loading",
 "entities_data_handling",
 "entities_io_operations",
 "entities_utilities",
 "infrastructure_utilities",
 "usecases_bifs",
 "usecases_io_operations",
 "usecases_memory_management",
 "usecases_process_management",
]

[[package]]
name = "bytemuck"
version = "1.24.0"
source = "registry+https://github.com/rust-lang/crates.io-index"
checksum = "1fbdf580320f38b612e485521afda1ee26d10cc9884efaaa750d383e13e3c5f4"

[[package]]
name = "code_management_code_loading"
version = "0.1.0"
dependencies = [
 "entities_data_handling",
 "entities_io_operations",
 "infrastructure_code_loading",
 "usecases_bifs",
]

[[package]]
name = "either"
version = "1.15.0"
source = "registry+https://github.com/rust-lang/crates.io-index"
checksum = "48c757948c5ede0e46177b7add2e67155f70e33c07fea8284df6576da70b3719"

[[package]]
name = "entities_data_handling"
version = "0.1.0"

[[package]]
name = "entities_io_operations"
version = "0.1.0"

[[package]]
name = "entities_system_integration_common"
version = "0.1.0"

[[package]]
name = "entities_system_integration_win32"
version = "0.1.0"

[[package]]
name = "entities_utilities"
version = "0.1.0"
dependencies = [
 "malachite",
]

[[package]]
name = "foldhash"
version = "0.2.0"
source = "registry+https://github.com/rust-lang/crates.io-index"
checksum = "77ce24cb58228fbb8aa041425bb1050850ac19177686ea6e0f41a70416f56fdb"

[[package]]
name = "frameworks_system_integration"
version = "0.1.0"
dependencies = [
 "entities_data_handling",
 "frameworks_system_integration_common",
]

[[package]]
name = "frameworks_system_integration_common"
version = "0.1.0"
dependencies = [
 "adapters_system_integration_common",
 "entities_data_handling",
 "entities_system_integration_common",
]

[[package]]
name = "frameworks_system_integration_unix"
version = "0.1.0"
dependencies = [
 "adapters_system_integration_unix",
 "entities_data_handling",
 "entities_system_integration_common",
]

[[package]]
name = "frameworks_system_integration_win32"
version = "0.1.0"
dependencies = [
 "adapters_system_integration_common",
 "entities_data_handling",
 "entities_system_integration_win32",
]

[[package]]
name = "frameworks_utilities"
version = "0.1.0"
dependencies = [
 "entities_data_handling",
 "infrastructure_utilities",
]

[[package]]
name = "hashbrown"
version = "0.16.1"
source = "registry+https://github.com/rust-lang/crates.io-index"
checksum = "841d1cc9bed7f9236f321df977030373f4a4163ae1a7dbfe1a51a2c1a51d9100"
dependencies = [
 "foldhash",
]

[[package]]
name = "infrastructure_bifs"
version = "0.1.0"
dependencies = [
 "entities_data_handling",
 "usecases_bifs",
]

[[package]]
name = "infrastructure_bignum_encoding"
version = "0.1.0"
dependencies = [
 "entities_data_handling",
 "entities_utilities",
]

[[package]]
name = "infrastructure_bignum_encoding_gmp"
version = "0.1.0"
dependencies = [
 "entities_data_handling",
 "entities_utilities",
 "infrastructure_bignum_encoding",
]

[[package]]
name = "infrastructure_code_loading"
version = "0.1.0"
dependencies = [
 "entities_data_handling",
 "entities_io_operations",
]

[[package]]
name = "infrastructure_data_handling"
version = "0.1.0"
dependencies = [
 "entities_data_handling",
]

[[package]]
name = "infrastructure_debugging"
version = "0.1.0"
dependencies = [
 "adapters_debugging",
 "entities_data_handling",
]

[[package]]
name = "infrastructure_ets_tables"
version = "0.1.0"
dependencies = [
 "adapters_ets_tables",
 "entities_data_handling",
]

[[package]]
name = "infrastructure_time_management"
version = "0.1.0"
dependencies = [
 "adapters_time_management",
 "entities_data_handling",
]

[[package]]
name = "infrastructure_trace_encoding"
version = "0.1.0"
dependencies = [
 "entities_data_handling",
]

[[package]]
name = "infrastructure_utilities"
version = "0.1.0"
dependencies = [
 "entities_data_handling",
 "entities_utilities",
 "usecases_memory_management",
]

[[package]]
name = "itertools"
version = "0.14.0"
source = "registry+https://github.com/rust-lang/crates.io-index"
checksum = "2b192c782037fadd9cfa75548310488aabdbf3d2da73885b31bd0abd03351285"
dependencies = [
 "either",
]

[[package]]
name = "libm"
version = "0.2.15"
source = "registry+https://github.com/rust-lang/crates.io-index"
checksum = "f9fbbcab51052fe104eb5e5d351cf728d30a5be1fe14d9be8a3b097481fb97de"

[[package]]
name = "malachite"
version = "0.7.1"
source = "registry+https://github.com/rust-lang/crates.io-index"
checksum = "16876aff882137423a05741c95492580b8ada475b18d5f007dbf15a2d40cca30"
dependencies = [
 "malachite-base",
 "malachite-float",
 "malachite-nz",
 "malachite-q",
]

[[package]]
name = "malachite-base"
version = "0.7.1"
source = "registry+https://github.com/rust-lang/crates.io-index"
checksum = "30a52349e41ad66905fd33a8dc8736c554d71cfe56b81e2c499abec7f0168725"
dependencies = [
 "hashbrown",
 "itertools",
 "libm",
 "ryu",
]

[[package]]
name = "malachite-float"
version = "0.7.1"
source = "registry+https://github.com/rust-lang/crates.io-index"
checksum = "b18c3e7d0a2f8956c66554f63788887c067ab9fe59cb521280ff7f2064298140"
dependencies = [
 "itertools",
 "malachite-base",
 "malachite-nz",
 "malachite-q",
]

[[package]]
name = "malachite-nz"
version = "0.7.1"
source = "registry+https://github.com/rust-lang/crates.io-index"
checksum = "e3069312201645d5257b0c34b8d506933f9d5ea82133b14b9c76be2ce5bb41a6"
dependencies = [
 "itertools",
 "libm",
 "malachite-base",
 "wide",
]

[[package]]
name = "malachite-q"
version = "0.7.1"
source = "registry+https://github.com/rust-lang/crates.io-index"
checksum = "d2549764c0d9756d0396cf0c7fb47aee5df4da8a771ac5bfc616bb53ac344c9c"
dependencies = [
 "itertools",
 "malachite-base",
 "malachite-nz",
]

[[package]]
name = "ryu"
version = "1.0.20"
source = "registry+https://github.com/rust-lang/crates.io-index"
checksum = "28d3b2b1366ec20994f1fd18c3c594f05c5dd4bc44d8bb0c1c632c8d6829481f"

[[package]]
name = "safe_arch"
version = "0.9.3"
source = "registry+https://github.com/rust-lang/crates.io-index"
checksum = "629516c85c29fe757770fa03f2074cf1eac43d44c02a3de9fc2ef7b0e207dfdd"
dependencies = [
 "bytemuck",
]

[[package]]
name = "usecases_bifs"
version = "0.1.0"
dependencies = [
 "entities_data_handling",
 "entities_utilities",
]

[[package]]
name = "usecases_io_operations"
version = "0.1.0"
dependencies = [
 "entities_data_handling",
 "entities_io_operations",
]

[[package]]
name = "usecases_memory_management"
version = "0.1.0"
dependencies = [
 "entities_data_handling",
]

[[package]]
name = "usecases_process_management"
version = "0.1.0"
dependencies = [
 "entities_data_handling",
]

[[package]]
name = "wide"
version = "0.8.3"
source = "registry+https://github.com/rust-lang/crates.io-index"
checksum = "13ca908d26e4786149c48efcf6c0ea09ab0e06d1fe3c17dc1b4b0f1ca4a7e788"
dependencies = [
 "bytemuck",
 "safe_arch",
]
