# This file is automatically @generated by Cargo.
# It is not intended for manual editing.
version = 4

[[package]]
name = "adapters_debugging"
version = "0.1.0"
dependencies = [
 "entities_data_handling",
 "usecases_bifs",
]

[[package]]
name = "entities_data_handling"
version = "0.1.0"

[[package]]
name = "entities_utilities"
version = "0.1.0"

[[package]]
name = "infrastructure_debugging"
version = "0.1.0"
dependencies = [
 "adapters_debugging",
 "entities_data_handling",
]

[[package]]
name = "usecases_bifs"
version = "0.1.0"
dependencies = [
 "entities_data_handling",
 "entities_utilities",
]
