# This file is automatically @generated by Cargo.
# It is not intended for manual editing.
version = 4

[[package]]
name = "entities_data_handling"
version = "0.1.0"

[[package]]
name = "entities_io_operations"
version = "0.1.0"

[[package]]
name = "infrastructure_code_loading"
version = "0.1.0"
dependencies = [
 "entities_data_handling",
 "entities_io_operations",
]
